
Microsoft Visual Studio Solution File, Format Version 12.00
# Visual Studio Version 17
VisualStudioVersion = 17.6.33723.286
MinimumVisualStudioVersion = 10.0.40219.1
Project("{9A19103F-16F7-4668-BE54-9A1E7A4F7556}") = "NewsApi", "NewsApi2\NewsApi.csproj", "{D099996C-04BE-4117-81FD-4ACE69902E74}"
EndProject
Project("{9A19103F-16F7-4668-BE54-9A1E7A4F7556}") = "Test", "Test\Test.csproj", "{9D4BC029-B173-4E79-843C-DA324B53701E}"
EndProject
Global
	GlobalSection(SolutionConfigurationPlatforms) = preSolution
		Debug|Any CPU = Debug|Any CPU
		Release|Any CPU = Release|Any CPU
	EndGlobalSection
	GlobalSection(ProjectConfigurationPlatforms) = postSolution
		{D099996C-04BE-4117-81FD-4ACE69902E74}.Debug|Any CPU.ActiveCfg = Debug|Any CPU
		{D099996C-04BE-4117-81FD-4ACE69902E74}.Debug|Any CPU.Build.0 = Debug|Any CPU
		{D099996C-04BE-4117-81FD-4ACE69902E74}.Release|Any CPU.ActiveCfg = Release|Any CPU
		{D099996C-04BE-4117-81FD-4ACE69902E74}.Release|Any CPU.Build.0 = Release|Any CPU
		{9D4BC029-B173-4E79-843C-DA324B53701E}.Debug|Any CPU.ActiveCfg = Debug|Any CPU
		{9D4BC029-B173-4E79-843C-DA324B53701E}.Debug|Any CPU.Build.0 = Debug|Any CPU
		{9D4BC029-B173-4E79-843C-DA324B53701E}.Release|Any CPU.ActiveCfg = Release|Any CPU
		{9D4BC029-B173-4E79-843C-DA324B53701E}.Release|Any CPU.Build.0 = Release|Any CPU
	EndGlobalSection
	GlobalSection(SolutionProperties) = preSolution
		HideSolutionNode = FALSE
	EndGlobalSection
	GlobalSection(ExtensibilityGlobals) = postSolution
		SolutionGuid = {C070475C-1F2D-4B9E-9B29-0FF6A87E2102}
	EndGlobalSection
EndGlobal
